
Microsoft Visual Studio Solution File, Format Version 12.00
# Visual Studio 15
Project("{FAE04EC0-301F-11D3-BF4B-00C04F79EFBC}") = "BomberTest", "BomberTest.csproj", "{B1688D41-6A9A-D5E5-B5EB-3F8BF2965D50}"
EndProject
Project("{FAE04EC0-301F-11D3-BF4B-00C04F79EFBC}") = "BomberTest.Editor", "BomberTest.Editor.csproj", "{8C8F9CAD-9E87-2A15-BF46-EF063E4EEF6D}"
EndProject
Global
	GlobalSection(SolutionConfigurationPlatforms) = preSolution
		Debug|Any CPU = Debug|Any CPU
		Release|Any CPU = Release|Any CPU
	EndGlobalSection
	GlobalSection(ProjectConfigurationPlatforms) = postSolution
		{B1688D41-6A9A-D5E5-B5EB-3F8BF2965D50}.Debug|Any CPU.ActiveCfg = Debug|Any CPU
		{B1688D41-6A9A-D5E5-B5EB-3F8BF2965D50}.Debug|Any CPU.Build.0 = Debug|Any CPU
		{B1688D41-6A9A-D5E5-B5EB-3F8BF2965D50}.Release|Any CPU.ActiveCfg = Release|Any CPU
		{B1688D41-6A9A-D5E5-B5EB-3F8BF2965D50}.Release|Any CPU.Build.0 = Release|Any CPU
		{8C8F9CAD-9E87-2A15-BF46-EF063E4EEF6D}.Debug|Any CPU.ActiveCfg = Debug|Any CPU
		{8C8F9CAD-9E87-2A15-BF46-EF063E4EEF6D}.Debug|Any CPU.Build.0 = Debug|Any CPU
		{8C8F9CAD-9E87-2A15-BF46-EF063E4EEF6D}.Release|Any CPU.ActiveCfg = Release|Any CPU
		{8C8F9CAD-9E87-2A15-BF46-EF063E4EEF6D}.Release|Any CPU.Build.0 = Release|Any CPU
	EndGlobalSection
	GlobalSection(SolutionProperties) = preSolution
		HideSolutionNode = FALSE
	EndGlobalSection
EndGlobal
